
Microsoft Visual Studio Solution File, Format Version 12.00
# Blend for Visual Studio 15
VisualStudioVersion = 15.0.27428.2015
MinimumVisualStudioVersion = 10.0.40219.1
Project("{FAE04EC0-301F-11D3-BF4B-00C04F79EFBC}") = "DatabaseTesting", "DatabaseTesting\DatabaseTesting\DatabaseTesting.csproj", "{C1922625-76AF-48B5-AE86-B6B98AD60494}"
EndProject
Project("{FAE04EC0-301F-11D3-BF4B-00C04F79EFBC}") = "DatabaseTesting.Android", "DatabaseTesting\DatabaseTesting.Android\DatabaseTesting.Android.csproj", "{B3746744-F03C-4284-B8BC-7FC71EA30764}"
EndProject
Project("{FAE04EC0-301F-11D3-BF4B-00C04F79EFBC}") = "DatabaseTesting.iOS", "DatabaseTesting\DatabaseTesting.iOS\DatabaseTesting.iOS.csproj", "{7EB65480-9F2A-4A56-9775-4EF486EBCE95}"
EndProject
Global
	GlobalSection(SolutionConfigurationPlatforms) = preSolution
		Ad-Hoc|Any CPU = Ad-Hoc|Any CPU
		Ad-Hoc|iPhone = Ad-Hoc|iPhone
		Ad-Hoc|iPhoneSimulator = Ad-Hoc|iPhoneSimulator
		AppStore|Any CPU = AppStore|Any CPU
		AppStore|iPhone = AppStore|iPhone
		AppStore|iPhoneSimulator = AppStore|iPhoneSimulator
		Debug|Any CPU = Debug|Any CPU
		Debug|iPhone = Debug|iPhone
		Debug|iPhoneSimulator = Debug|iPhoneSimulator
		Release|Any CPU = Release|Any CPU
		Release|iPhone = Release|iPhone
		Release|iPhoneSimulator = Release|iPhoneSimulator
	EndGlobalSection
	GlobalSection(ProjectConfigurationPlatforms) = postSolution
		{C1922625-76AF-48B5-AE86-B6B98AD60494}.Ad-Hoc|Any CPU.ActiveCfg = Debug|Any CPU
		{C1922625-76AF-48B5-AE86-B6B98AD60494}.Ad-Hoc|Any CPU.Build.0 = Debug|Any CPU
		{C1922625-76AF-48B5-AE86-B6B98AD60494}.Ad-Hoc|iPhone.ActiveCfg = Debug|Any CPU
		{C1922625-76AF-48B5-AE86-B6B98AD60494}.Ad-Hoc|iPhone.Build.0 = Debug|Any CPU
		{C1922625-76AF-48B5-AE86-B6B98AD60494}.Ad-Hoc|iPhoneSimulator.ActiveCfg = Debug|Any CPU
		{C1922625-76AF-48B5-AE86-B6B98AD60494}.Ad-Hoc|iPhoneSimulator.Build.0 = Debug|Any CPU
		{C1922625-76AF-48B5-AE86-B6B98AD60494}.AppStore|Any CPU.ActiveCfg = Debug|Any CPU
		{C1922625-76AF-48B5-AE86-B6B98AD60494}.AppStore|Any CPU.Build.0 = Debug|Any CPU
		{C1922625-76AF-48B5-AE86-B6B98AD60494}.AppStore|iPhone.ActiveCfg = Debug|Any CPU
		{C1922625-76AF-48B5-AE86-B6B98AD60494}.AppStore|iPhone.Build.0 = Debug|Any CPU
		{C1922625-76AF-48B5-AE86-B6B98AD60494}.AppStore|iPhoneSimulator.ActiveCfg = Debug|Any CPU
		{C1922625-76AF-48B5-AE86-B6B98AD60494}.AppStore|iPhoneSimulator.Build.0 = Debug|Any CPU
		{C1922625-76AF-48B5-AE86-B6B98AD60494}.Debug|Any CPU.ActiveCfg = Debug|Any CPU
		{C1922625-76AF-48B5-AE86-B6B98AD60494}.Debug|Any CPU.Build.0 = Debug|Any CPU
		{C1922625-76AF-48B5-AE86-B6B98AD60494}.Debug|iPhone.ActiveCfg = Debug|Any CPU
		{C1922625-76AF-48B5-AE86-B6B98AD60494}.Debug|iPhone.Build.0 = Debug|Any CPU
		{C1922625-76AF-48B5-AE86-B6B98AD60494}.Debug|iPhoneSimulator.ActiveCfg = Debug|Any CPU
		{C1922625-76AF-48B5-AE86-B6B98AD60494}.Debug|iPhoneSimulator.Build.0 = Debug|Any CPU
		{C1922625-76AF-48B5-AE86-B6B98AD60494}.Release|Any CPU.ActiveCfg = Release|Any CPU
		{C1922625-76AF-48B5-AE86-B6B98AD60494}.Release|Any CPU.Build.0 = Release|Any CPU
		{C1922625-76AF-48B5-AE86-B6B98AD60494}.Release|iPhone.ActiveCfg = Release|Any CPU
		{C1922625-76AF-48B5-AE86-B6B98AD60494}.Release|iPhone.Build.0 = Release|Any CPU
		{C1922625-76AF-48B5-AE86-B6B98AD60494}.Release|iPhoneSimulator.ActiveCfg = Release|Any CPU
		{C1922625-76AF-48B5-AE86-B6B98AD60494}.Release|iPhoneSimulator.Build.0 = Release|Any CPU
		{B3746744-F03C-4284-B8BC-7FC71EA30764}.Ad-Hoc|Any CPU.ActiveCfg = Release|Any CPU
		{B3746744-F03C-4284-B8BC-7FC71EA30764}.Ad-Hoc|Any CPU.Build.0 = Release|Any CPU
		{B3746744-F03C-4284-B8BC-7FC71EA30764}.Ad-Hoc|Any CPU.Deploy.0 = Release|Any CPU
		{B3746744-F03C-4284-B8BC-7FC71EA30764}.Ad-Hoc|iPhone.ActiveCfg = Release|Any CPU
		{B3746744-F03C-4284-B8BC-7FC71EA30764}.Ad-Hoc|iPhone.Build.0 = Release|Any CPU
		{B3746744-F03C-4284-B8BC-7FC71EA30764}.Ad-Hoc|iPhone.Deploy.0 = Release|Any CPU
		{B3746744-F03C-4284-B8BC-7FC71EA30764}.Ad-Hoc|iPhoneSimulator.ActiveCfg = Release|Any CPU
		{B3746744-F03C-4284-B8BC-7FC71EA30764}.Ad-Hoc|iPhoneSimulator.Build.0 = Release|Any CPU
		{B3746744-F03C-4284-B8BC-7FC71EA30764}.Ad-Hoc|iPhoneSimulator.Deploy.0 = Release|Any CPU
		{B3746744-F03C-4284-B8BC-7FC71EA30764}.AppStore|Any CPU.ActiveCfg = Release|Any CPU
		{B3746744-F03C-4284-B8BC-7FC71EA30764}.AppStore|Any CPU.Build.0 = Release|Any CPU
		{B3746744-F03C-4284-B8BC-7FC71EA30764}.AppStore|Any CPU.Deploy.0 = Release|Any CPU
		{B3746744-F03C-4284-B8BC-7FC71EA30764}.AppStore|iPhone.ActiveCfg = Release|Any CPU
		{B3746744-F03C-4284-B8BC-7FC71EA30764}.AppStore|iPhone.Build.0 = Release|Any CPU
		{B3746744-F03C-4284-B8BC-7FC71EA30764}.AppStore|iPhone.Deploy.0 = Release|Any CPU
		{B3746744-F03C-4284-B8BC-7FC71EA30764}.AppStore|iPhoneSimulator.ActiveCfg = Release|Any CPU
		{B3746744-F03C-4284-B8BC-7FC71EA30764}.AppStore|iPhoneSimulator.Build.0 = Release|Any CPU
		{B3746744-F03C-4284-B8BC-7FC71EA30764}.AppStore|iPhoneSimulator.Deploy.0 = Release|Any CPU
		{B3746744-F03C-4284-B8BC-7FC71EA30764}.Debug|Any CPU.ActiveCfg = Debug|Any CPU
		{B3746744-F03C-4284-B8BC-7FC71EA30764}.Debug|Any CPU.Build.0 = Debug|Any CPU
		{B3746744-F03C-4284-B8BC-7FC71EA30764}.Debug|Any CPU.Deploy.0 = Debug|Any CPU
		{B3746744-F03C-4284-B8BC-7FC71EA30764}.Debug|iPhone.ActiveCfg = Debug|Any CPU
		{B3746744-F03C-4284-B8BC-7FC71EA30764}.Debug|iPhone.Build.0 = Debug|Any CPU
		{B3746744-F03C-4284-B8BC-7FC71EA30764}.Debug|iPhone.Deploy.0 = Debug|Any CPU
		{B3746744-F03C-4284-B8BC-7FC71EA30764}.Debug|iPhoneSimulator.ActiveCfg = Debug|Any CPU
		{B3746744-F03C-4284-B8BC-7FC71EA30764}.Debug|iPhoneSimulator.Build.0 = Debug|Any CPU
		{B3746744-F03C-4284-B8BC-7FC71EA30764}.Debug|iPhoneSimulator.Deploy.0 = Debug|Any CPU
		{B3746744-F03C-4284-B8BC-7FC71EA30764}.Release|Any CPU.ActiveCfg = Release|Any CPU
		{B3746744-F03C-4284-B8BC-7FC71EA30764}.Release|Any CPU.Build.0 = Release|Any CPU
		{B3746744-F03C-4284-B8BC-7FC71EA30764}.Release|Any CPU.Deploy.0 = Release|Any CPU
		{B3746744-F03C-4284-B8BC-7FC71EA30764}.Release|iPhone.ActiveCfg = Release|Any CPU
		{B3746744-F03C-4284-B8BC-7FC71EA30764}.Release|iPhone.Build.0 = Release|Any CPU
		{B3746744-F03C-4284-B8BC-7FC71EA30764}.Release|iPhone.Deploy.0 = Release|Any CPU
		{B3746744-F03C-4284-B8BC-7FC71EA30764}.Release|iPhoneSimulator.ActiveCfg = Release|Any CPU
		{B3746744-F03C-4284-B8BC-7FC71EA30764}.Release|iPhoneSimulator.Build.0 = Release|Any CPU
		{B3746744-F03C-4284-B8BC-7FC71EA30764}.Release|iPhoneSimulator.Deploy.0 = Release|Any CPU
		{7EB65480-9F2A-4A56-9775-4EF486EBCE95}.Ad-Hoc|Any CPU.ActiveCfg = Ad-Hoc|iPhone
		{7EB65480-9F2A-4A56-9775-4EF486EBCE95}.Ad-Hoc|iPhone.ActiveCfg = Ad-Hoc|iPhone
		{7EB65480-9F2A-4A56-9775-4EF486EBCE95}.Ad-Hoc|iPhone.Build.0 = Ad-Hoc|iPhone
		{7EB65480-9F2A-4A56-9775-4EF486EBCE95}.Ad-Hoc|iPhoneSimulator.ActiveCfg = Ad-Hoc|iPhoneSimulator
		{7EB65480-9F2A-4A56-9775-4EF486EBCE95}.Ad-Hoc|iPhoneSimulator.Build.0 = Ad-Hoc|iPhoneSimulator
		{7EB65480-9F2A-4A56-9775-4EF486EBCE95}.AppStore|Any CPU.ActiveCfg = AppStore|iPhone
		{7EB65480-9F2A-4A56-9775-4EF486EBCE95}.AppStore|iPhone.ActiveCfg = AppStore|iPhone
		{7EB65480-9F2A-4A56-9775-4EF486EBCE95}.AppStore|iPhone.Build.0 = AppStore|iPhone
		{7EB65480-9F2A-4A56-9775-4EF486EBCE95}.AppStore|iPhoneSimulator.ActiveCfg = AppStore|iPhoneSimulator
		{7EB65480-9F2A-4A56-9775-4EF486EBCE95}.AppStore|iPhoneSimulator.Build.0 = AppStore|iPhoneSimulator
		{7EB65480-9F2A-4A56-9775-4EF486EBCE95}.Debug|Any CPU.ActiveCfg = Debug|iPhone
		{7EB65480-9F2A-4A56-9775-4EF486EBCE95}.Debug|iPhone.ActiveCfg = Debug|iPhone
		{7EB65480-9F2A-4A56-9775-4EF486EBCE95}.Debug|iPhone.Build.0 = Debug|iPhone
		{7EB65480-9F2A-4A56-9775-4EF486EBCE95}.Debug|iPhoneSimulator.ActiveCfg = Debug|iPhoneSimulator
		{7EB65480-9F2A-4A56-9775-4EF486EBCE95}.Debug|iPhoneSimulator.Build.0 = Debug|iPhoneSimulator
		{7EB65480-9F2A-4A56-9775-4EF486EBCE95}.Release|Any CPU.ActiveCfg = Release|iPhone
		{7EB65480-9F2A-4A56-9775-4EF486EBCE95}.Release|iPhone.ActiveCfg = Release|iPhone
		{7EB65480-9F2A-4A56-9775-4EF486EBCE95}.Release|iPhone.Build.0 = Release|iPhone
		{7EB65480-9F2A-4A56-9775-4EF486EBCE95}.Release|iPhoneSimulator.ActiveCfg = Release|iPhoneSimulator
		{7EB65480-9F2A-4A56-9775-4EF486EBCE95}.Release|iPhoneSimulator.Build.0 = Release|iPhoneSimulator
	EndGlobalSection
	GlobalSection(SolutionProperties) = preSolution
		HideSolutionNode = FALSE
	EndGlobalSection
	GlobalSection(ExtensibilityGlobals) = postSolution
		SolutionGuid = {8F21805A-25FE-47C7-84F2-DDA5490D9C41}
	EndGlobalSection
EndGlobal
